prepare_dane:
  cmd: python -m weasel run prepare_dane
  script:
    - unzip assets/dane.zip -d assets/dane
    - mv assets/dane/ddt.train.conllu assets/dane/train.conllu
    - mv assets/dane/ddt.test.conllu assets/dane/test.conllu
    - mv assets/dane/ddt.dev.conllu assets/dane/dev.conllu
  deps:
    - path: assets/dane.zip
      md5: 50424ab9456ca5065702404e6df69e2f
  outs:
    - path: assets/dane/train.conllu
      md5: 56ed5ceb42bc2c7c98403d20b4801db1
    - path: assets/dane/dev.conllu
      md5: 0c0057d571b284c855799a9b52b8288c
    - path: assets/dane/test.conllu
      md5: fcd2ac2d1a85fc2424483ca6a2ec38e6
prepare_dacoref:
  cmd: python -m weasel run prepare_dacoref
  script:
    - unzip assets/dacoref.zip -d assets/dacoref
  deps:
    - path: assets/dacoref.zip
      md5: e6f2707f4f600a0d357dc7afa1b01f92
  outs:
    - path: assets/dacoref/CDT_coref.conllu
      md5: fb39f7836aabc72b65805847a89336d3
    - path: assets/dacoref/CDT_train_ids.json
      md5: 6c7ca5df88ceac49b1fa40ca53ad6b6b
    - path: assets/dacoref/CDT_dev_ids.json
      md5: c75a12e06d2f530374fff3b52e7b959a
    - path: assets/dacoref/CDT_test_ids.json
      md5: 7416eca44cb88fdd2906bd23fafec7db
preprocess_ddt:
  cmd: python -m weasel run preprocess_ddt
  script:
    - mkdir -p assets/da_ddt
    - mkdir -p corpus/da_ddt
    - python -m spacy convert assets/UD_Danish-DDT/da_ddt-ud-train.conllu  corpus/da_ddt/  --converter
      conllu  --merge-subtokens
    - python -m spacy convert  assets/UD_Danish-DDT/da_ddt-ud-dev.conllu  corpus/da_ddt/  --converter
      conllu  --merge-subtokens
    - python -m spacy convert  assets/UD_Danish-DDT/da_ddt-ud-test.conllu corpus/da_ddt/
      --converter conllu  --merge-subtokens
    - mv corpus/da_ddt/da_ddt-ud-train.spacy corpus/da_ddt/train.spacy
    - mv corpus/da_ddt/da_ddt-ud-dev.spacy corpus/da_ddt/dev.spacy
    - mv corpus/da_ddt/da_ddt-ud-test.spacy corpus/da_ddt/test.spacy
    - cp assets/UD_Danish-DDT/da_ddt-ud-train.conllu assets/da_ddt/train.conllu
    - cp assets/UD_Danish-DDT/da_ddt-ud-dev.conllu assets/da_ddt/dev.conllu
    - cp assets/UD_Danish-DDT/da_ddt-ud-test.conllu assets/da_ddt/test.conllu
  deps:
    - path: assets/UD_Danish-DDT/da_ddt-ud-train.conllu
      md5: c80b9a9eb7677ea3dc56ae87056b5454
    - path: assets/UD_Danish-DDT/da_ddt-ud-dev.conllu
      md5: 1feb5aa4179b831f1d01e827edcc3a30
    - path: assets/UD_Danish-DDT/da_ddt-ud-test.conllu
      md5: f767e3584fd04fed55a363ec421a851b
  outs:
    - path: corpus/da_ddt/train.spacy
      md5: 4cac483eb7b6b680fad046ba7121bd27
    - path: corpus/da_ddt/dev.spacy
      md5: 7374ef9932a6125544f4bf495bc1182d
    - path: corpus/da_ddt/test.spacy
      md5: b90dd42f6bd7abd64cd7049128817329
    - path: assets/da_ddt/train.conllu
      md5: c80b9a9eb7677ea3dc56ae87056b5454
    - path: assets/da_ddt/dev.conllu
      md5: 1feb5aa4179b831f1d01e827edcc3a30
    - path: assets/da_ddt/test.conllu
      md5: f767e3584fd04fed55a363ec421a851b
preprocess_dane:
  cmd: python -m weasel run preprocess_dane
  script:
    - mkdir -p corpus/dane
    - python -m spacy convert assets/dane/train.conllu  corpus/dane/  --converter
      conllu  --merge-subtokens
    - python -m spacy convert  assets/dane/dev.conllu  corpus/dane/  --converter conllu  --merge-subtokens
    - python -m spacy convert  assets/dane/test.conllu corpus/dane/ --converter conllu  --merge-subtokens
  deps:
    - path: assets/dane/train.conllu
      md5: 56ed5ceb42bc2c7c98403d20b4801db1
    - path: assets/dane/dev.conllu
      md5: 0c0057d571b284c855799a9b52b8288c
    - path: assets/dane/test.conllu
      md5: fcd2ac2d1a85fc2424483ca6a2ec38e6
  outs:
    - path: corpus/dane/train.spacy
      md5: ee6efd3e2e25c7cd00c2de3d3223690d
    - path: corpus/dane/dev.spacy
      md5: 873fce5040aa2ee0f959ff89e83b3cea
    - path: corpus/dane/test.spacy
      md5: 2d8d318695d7e43766287a9f8e756d01
combine:
  cmd: python -m weasel run combine
  script:
    - python scripts/create_ddt_compatible_splits_for_cdt.py
    - python scripts/combine.py
  deps:
    - path: corpus/da_ddt/train.spacy
      md5: 4cac483eb7b6b680fad046ba7121bd27
    - path: corpus/da_ddt/dev.spacy
      md5: 7374ef9932a6125544f4bf495bc1182d
    - path: corpus/da_ddt/test.spacy
      md5: b90dd42f6bd7abd64cd7049128817329
    - path: corpus/dane/train.spacy
      md5: ee6efd3e2e25c7cd00c2de3d3223690d
    - path: corpus/dane/dev.spacy
      md5: 873fce5040aa2ee0f959ff89e83b3cea
    - path: corpus/dane/test.spacy
      md5: 2d8d318695d7e43766287a9f8e756d01
    - path: assets/dacoref/CDT_coref.conllu
      md5: fb39f7836aabc72b65805847a89336d3
    - path: assets/dacoref/CDT_train_ids.json
      md5: 6c7ca5df88ceac49b1fa40ca53ad6b6b
    - path: assets/dacoref/CDT_dev_ids.json
      md5: c75a12e06d2f530374fff3b52e7b959a
    - path: assets/dacoref/CDT_test_ids.json
      md5: 7416eca44cb88fdd2906bd23fafec7db
  outs:
    - path: assets/CDT_ddt_compatible_splits.json
      md5: b47e7807901ff26bb609ecc1fe2285a2
    - path: corpus/cdt/train.spacy
      md5: 34bcfd22860906ec57d7e31e878d3491
    - path: corpus/cdt/dev.spacy
      md5: ec1d808b5081c80a9d90440495cd3e8e
    - path: corpus/cdt/test.spacy
      md5: 915d311348b8ba4d4bd30c2b5aa8ff90
    - path: corpus/cdt_ddt/data.spacy
      md5: 57322311250071779b692529a3e0e391
train:
  cmd: python -m weasel run train
  script:
    - python -m spacy train  configs/dacy_medium_new_spacy_copy.cfg --output training/dacy_medium_trf_DanskBERT_spacylike
      --gpu-id 0  --paths.train corpus/cdt_ddt/train.spacy  --paths.dev corpus/cdt_ddt/dev.spacy  --nlp.lang=da
  deps:
    - path: corpus/cdt_ddt/train.spacy
      md5: 64bd2df1765c86375b89127d922a1d64
    - path: corpus/cdt_ddt/dev.spacy
      md5: 3438c1b3a1bfb3f882e44a98adfd4fa2
    - path: configs/dacy_medium_new_spacy_copy.cfg
      md5: 4a53a856259f5ce53cffbde074f1b549
    - path: assets/.da_core_news_lg_installed
      md5: d41d8cd98f00b204e9800998ecf8427e
  outs:
    - path: training/dacy_medium_trf_DanskBERT_spacylike/model-best
      md5: 71388415bcd602731f85d9415a88562a
evaluate:
  cmd: python -m weasel run evaluate
  script:
    - python -m spacy evaluate  ./training/dacy_medium_trf_DanskBERT_spacylike/model-best  ./corpus/cdt_ddt/test.spacy  --output
      ./metrics/dacy_medium_trf_DanskBERT_spacylike.json  --gpu-id 0
  deps:
    - path: training/dacy_medium_trf_DanskBERT_spacylike/model-best
      md5: 71388415bcd602731f85d9415a88562a
    - path: corpus/cdt_ddt/test.spacy
      md5: 62a0906fbb9f753de948c6fed26f95bb
  outs:
    - path: metrics/dacy_medium_trf_DanskBERT_spacylike.json
      md5: a0607f365be2bff28797982d835c45b8
prepare_gpu:
  cmd: python -m weasel run prepare_gpu
  script:
    - python scripts/prepare_gpu.py
  deps: []
  outs: []
verify_gpu:
  cmd: python -m weasel run verify_gpu
  script:
    - python scripts/verify_gpu.py
  deps: []
  outs: []
merge_cdt_ddt:
  cmd: python -m weasel run merge_cdt_ddt
  script:
    - python scripts/merge_ddt_sents_with_cdt.py
  deps:
    - path: corpus/cdt_ddt/data.spacy
      md5: 57322311250071779b692529a3e0e391
    - path: corpus/cdt/train.spacy
      md5: 34bcfd22860906ec57d7e31e878d3491
    - path: corpus/cdt/dev.spacy
      md5: ec1d808b5081c80a9d90440495cd3e8e
    - path: corpus/cdt/test.spacy
      md5: 915d311348b8ba4d4bd30c2b5aa8ff90
  outs:
    - path: corpus/cdt_ddt/train.spacy
      md5: 64bd2df1765c86375b89127d922a1d64
    - path: corpus/cdt_ddt/dev.spacy
      md5: 3438c1b3a1bfb3f882e44a98adfd4fa2
    - path: corpus/cdt_ddt/test.spacy
      md5: 62a0906fbb9f753de948c6fed26f95bb
install_vectors:
  cmd: python -m weasel run install_vectors
  script:
    - pip install assets/da_core_news_lg-3.8.0-py3-none-any.whl --no-deps
    - touch assets/.da_core_news_lg_installed
  deps:
    - path: assets/da_core_news_lg-3.8.0-py3-none-any.whl
      md5: df52d10a14e7ed04d399f136d72d7389
  outs:
    - path: assets/.da_core_news_lg_installed
      md5: d41d8cd98f00b204e9800998ecf8427e
install_vectors_lg:
  cmd: python -m weasel run install_vectors_lg
  script:
    - pip install assets/da_core_news_lg-3.8.0-py3-none-any.whl --no-deps
    - touch assets/.da_core_news_lg_installed
  deps:
    - path: assets/da_core_news_lg-3.8.0-py3-none-any.whl
      md5: df52d10a14e7ed04d399f136d72d7389
  outs:
    - path: assets/.da_core_news_lg_installed
      md5: d41d8cd98f00b204e9800998ecf8427e
evaluate_llm:
  cmd: python -m weasel run evaluate_llm
  script:
    - python -m spacy assemble configs/llm_ner.cfg training/llm-ner --code scripts/llm_registry.py
    - python -m spacy evaluate ./training/llm-ner ./corpus/cdt_ddt/test.spacy --output
      ./metrics/llm-ner.json --code scripts/llm_registry.py --gpu-id -1
  deps:
    - path: configs/llm_ner.cfg
      md5: 65bd441e1bca2137dd0086d0075475de
    - path: assets/dane_fewshot.yml
      md5: d569129561f88b6ba471e3fef047c888
    - path: corpus/cdt_ddt/test.spacy
      md5: 62a0906fbb9f753de948c6fed26f95bb
  outs:
    - path: metrics/llm-ner.json
      md5: 63d34256700808d133f5bd9b37738a9e
package:
  cmd: python -m weasel run package
  script:
    - python -m spacy package  training/dacy_medium_trf/model-best packages  --name
      dacy_medium_trf  --version 2.9.0 --build wheel --force
  deps:
    - path: training/dacy_medium_trf/model-best
      md5: 5d91938020b080598206ec5122e7120d
  outs:
    - path: packages/da_dacy_medium_trf-2.9.0/dist/da_dacy_medium_trf-2.9.0.tar.gz
      md5: null
